
Microsoft Visual Studio Solution File, Format Version 12.00
# Visual Studio Version 16
VisualStudioVersion = 16.0.32901.82
MinimumVisualStudioVersion = 10.0.40219.1
Project("{FAE04EC0-301F-11D3-BF4B-00C04F79EFBC}") = "DateTimeProject", "DateTimeProject\DateTimeProject.csproj", "{DC8967A1-CEBD-459C-9A74-D2D492452B60}"
EndProject
Global
	GlobalSection(SolutionConfigurationPlatforms) = preSolution
		Debug|Any CPU = Debug|Any CPU
		Release|Any CPU = Release|Any CPU
	EndGlobalSection
	GlobalSection(ProjectConfigurationPlatforms) = postSolution
		{DC8967A1-CEBD-459C-9A74-D2D492452B60}.Debug|Any CPU.ActiveCfg = Debug|Any CPU
		{DC8967A1-CEBD-459C-9A74-D2D492452B60}.Debug|Any CPU.Build.0 = Debug|Any CPU
		{DC8967A1-CEBD-459C-9A74-D2D492452B60}.Release|Any CPU.ActiveCfg = Release|Any CPU
		{DC8967A1-CEBD-459C-9A74-D2D492452B60}.Release|Any CPU.Build.0 = Release|Any CPU
	EndGlobalSection
	GlobalSection(SolutionProperties) = preSolution
		HideSolutionNode = FALSE
	EndGlobalSection
	GlobalSection(ExtensibilityGlobals) = postSolution
		SolutionGuid = {FE7AB306-8899-4A6A-818C-22ED8E12DE1D}
	EndGlobalSection
EndGlobal
