
Microsoft Visual Studio Solution File, Format Version 12.00
# Visual Studio Version 16
VisualStudioVersion = 16.0.32901.82
MinimumVisualStudioVersion = 10.0.40219.1
Project("{FAE04EC0-301F-11D3-BF4B-00C04F79EFBC}") = "AppAssignment_1", "AppAssignment_1\AppAssignment_1.csproj", "{EDE6C2B7-4B5B-4BA8-9382-7F2F8D4C9A47}"
EndProject
Global
	GlobalSection(SolutionConfigurationPlatforms) = preSolution
		Debug|Any CPU = Debug|Any CPU
		Release|Any CPU = Release|Any CPU
	EndGlobalSection
	GlobalSection(ProjectConfigurationPlatforms) = postSolution
		{EDE6C2B7-4B5B-4BA8-9382-7F2F8D4C9A47}.Debug|Any CPU.ActiveCfg = Debug|Any CPU
		{EDE6C2B7-4B5B-4BA8-9382-7F2F8D4C9A47}.Debug|Any CPU.Build.0 = Debug|Any CPU
		{EDE6C2B7-4B5B-4BA8-9382-7F2F8D4C9A47}.Release|Any CPU.ActiveCfg = Release|Any CPU
		{EDE6C2B7-4B5B-4BA8-9382-7F2F8D4C9A47}.Release|Any CPU.Build.0 = Release|Any CPU
	EndGlobalSection
	GlobalSection(SolutionProperties) = preSolution
		HideSolutionNode = FALSE
	EndGlobalSection
	GlobalSection(ExtensibilityGlobals) = postSolution
		SolutionGuid = {59BF881B-2D1B-4175-A9D7-BE431F3DA40B}
	EndGlobalSection
EndGlobal
