
Microsoft Visual Studio Solution File, Format Version 12.00
# Visual Studio Version 16
VisualStudioVersion = 16.0.32901.82
MinimumVisualStudioVersion = 10.0.40219.1
Project("{FAE04EC0-301F-11D3-BF4B-00C04F79EFBC}") = "TwentyOne", "TwentyOne\TwentyOne.csproj", "{ED8385F9-E072-43EB-949E-CD356DF61B7E}"
EndProject
Project("{FAE04EC0-301F-11D3-BF4B-00C04F79EFBC}") = "Casino", "Casino\Casino.csproj", "{A1A46D86-694C-411C-8319-ECE3CDC665D2}"
EndProject
Global
	GlobalSection(SolutionConfigurationPlatforms) = preSolution
		Debug|Any CPU = Debug|Any CPU
		Release|Any CPU = Release|Any CPU
	EndGlobalSection
	GlobalSection(ProjectConfigurationPlatforms) = postSolution
		{ED8385F9-E072-43EB-949E-CD356DF61B7E}.Debug|Any CPU.ActiveCfg = Debug|Any CPU
		{ED8385F9-E072-43EB-949E-CD356DF61B7E}.Debug|Any CPU.Build.0 = Debug|Any CPU
		{ED8385F9-E072-43EB-949E-CD356DF61B7E}.Release|Any CPU.ActiveCfg = Release|Any CPU
		{ED8385F9-E072-43EB-949E-CD356DF61B7E}.Release|Any CPU.Build.0 = Release|Any CPU
		{A1A46D86-694C-411C-8319-ECE3CDC665D2}.Debug|Any CPU.ActiveCfg = Debug|Any CPU
		{A1A46D86-694C-411C-8319-ECE3CDC665D2}.Debug|Any CPU.Build.0 = Debug|Any CPU
		{A1A46D86-694C-411C-8319-ECE3CDC665D2}.Release|Any CPU.ActiveCfg = Release|Any CPU
		{A1A46D86-694C-411C-8319-ECE3CDC665D2}.Release|Any CPU.Build.0 = Release|Any CPU
	EndGlobalSection
	GlobalSection(SolutionProperties) = preSolution
		HideSolutionNode = FALSE
	EndGlobalSection
	GlobalSection(ExtensibilityGlobals) = postSolution
		SolutionGuid = {5F3814F8-A91E-4033-AAE1-814D76E033DB}
	EndGlobalSection
EndGlobal
