
Microsoft Visual Studio Solution File, Format Version 12.00
# Visual Studio Version 16
VisualStudioVersion = 16.0.32901.82
MinimumVisualStudioVersion = 10.0.40219.1
Project("{FAE04EC0-301F-11D3-BF4B-00C04F79EFBC}") = "MethodAsign2", "MethodAsign2\MethodAsign2.csproj", "{5453CBAD-6BAE-4943-AB4E-E21D57F94404}"
EndProject
Global
	GlobalSection(SolutionConfigurationPlatforms) = preSolution
		Debug|Any CPU = Debug|Any CPU
		Release|Any CPU = Release|Any CPU
	EndGlobalSection
	GlobalSection(ProjectConfigurationPlatforms) = postSolution
		{5453CBAD-6BAE-4943-AB4E-E21D57F94404}.Debug|Any CPU.ActiveCfg = Debug|Any CPU
		{5453CBAD-6BAE-4943-AB4E-E21D57F94404}.Debug|Any CPU.Build.0 = Debug|Any CPU
		{5453CBAD-6BAE-4943-AB4E-E21D57F94404}.Release|Any CPU.ActiveCfg = Release|Any CPU
		{5453CBAD-6BAE-4943-AB4E-E21D57F94404}.Release|Any CPU.Build.0 = Release|Any CPU
	EndGlobalSection
	GlobalSection(SolutionProperties) = preSolution
		HideSolutionNode = FALSE
	EndGlobalSection
	GlobalSection(ExtensibilityGlobals) = postSolution
		SolutionGuid = {17B627A6-23C3-4640-B1FB-5D6B0B50595E}
	EndGlobalSection
EndGlobal
