
Microsoft Visual Studio Solution File, Format Version 12.00
# Visual Studio Version 16
VisualStudioVersion = 16.0.32901.82
MinimumVisualStudioVersion = 10.0.40219.1
Project("{FAE04EC0-301F-11D3-BF4B-00C04F79EFBC}") = "StringsIntagersApp", "StringsIntagersApp\StringsIntagersApp.csproj", "{CF4A970E-15CE-4C5F-B166-1C793B93F895}"
EndProject
Global
	GlobalSection(SolutionConfigurationPlatforms) = preSolution
		Debug|Any CPU = Debug|Any CPU
		Release|Any CPU = Release|Any CPU
	EndGlobalSection
	GlobalSection(ProjectConfigurationPlatforms) = postSolution
		{CF4A970E-15CE-4C5F-B166-1C793B93F895}.Debug|Any CPU.ActiveCfg = Debug|Any CPU
		{CF4A970E-15CE-4C5F-B166-1C793B93F895}.Debug|Any CPU.Build.0 = Debug|Any CPU
		{CF4A970E-15CE-4C5F-B166-1C793B93F895}.Release|Any CPU.ActiveCfg = Release|Any CPU
		{CF4A970E-15CE-4C5F-B166-1C793B93F895}.Release|Any CPU.Build.0 = Release|Any CPU
	EndGlobalSection
	GlobalSection(SolutionProperties) = preSolution
		HideSolutionNode = FALSE
	EndGlobalSection
	GlobalSection(ExtensibilityGlobals) = postSolution
		SolutionGuid = {43678A63-79CB-4EE7-8A4F-3BA846D65E52}
	EndGlobalSection
EndGlobal
